// !$*UTF8*$!
{
	archiveVersion = 1;
	classes = {
	};
	objectVersion = 54;
	objects = {

/* Begin PBXBuildFile section */
		58353BE1228C9D9D005DAF4A /* AllGitHub.swift in Sources */ = {isa = PBXBuildFile; fileRef = 58353BE0228C9D9D005DAF4A /* AllGitHub.swift */; };
		58353BE3228C9DCE005DAF4A /* UsersGitHub.swift in Sources */ = {isa = PBXBuildFile; fileRef = 58353BE2228C9DCE005DAF4A /* UsersGitHub.swift */; };
		58353BE5228C9DE1005DAF4A /* CompaniesGitHub.swift in Sources */ = {isa = PBXBuildFile; fileRef = 58353BE4228C9DE1005DAF4A /* CompaniesGitHub.swift */; };
		58632F64227CF18F00FB8CE9 /* AppDelegate.swift in Sources */ = {isa = PBXBuildFile; fileRef = 58632F63227CF18F00FB8CE9 /* AppDelegate.swift */; };
		58632F66227CF18F00FB8CE9 /* GitCardsTableViewController.swift in Sources */ = {isa = PBXBuildFile; fileRef = 58632F65227CF18F00FB8CE9 /* GitCardsTableViewController.swift */; };
		58632F6B227CF19300FB8CE9 /* Assets.xcassets in Resources */ = {isa = PBXBuildFile; fileRef = 58632F6A227CF19300FB8CE9 /* Assets.xcassets */; };
		58632F6E227CF19300FB8CE9 /* LaunchScreen.storyboard in Resources */ = {isa = PBXBuildFile; fileRef = 58632F6C227CF19300FB8CE9 /* LaunchScreen.storyboard */; };
		58632F7E227DC7A700FB8CE9 /* Constants.swift in Sources */ = {isa = PBXBuildFile; fileRef = 58632F7D227DC7A700FB8CE9 /* Constants.swift */; };
		58632F80227DC87E00FB8CE9 /* MyDataBase.swift in Sources */ = {isa = PBXBuildFile; fileRef = 58632F7F227DC87E00FB8CE9 /* MyDataBase.swift */; };
		586EFA5F228CE4FA003EB678 /* usersQuery.graphql in Resources */ = {isa = PBXBuildFile; fileRef = 586EFA5E228CE4FA003EB678 /* usersQuery.graphql */; };
		58BFAE832284CE3C003EF31F /* GitCardsTableViewCell.swift in Sources */ = {isa = PBXBuildFile; fileRef = 58BFAE822284CE3C003EF31F /* GitCardsTableViewCell.swift */; };
		DD9C8CB02E867DD6004C5CCF /* Alamofire in Frameworks */ = {isa = PBXBuildFile; productRef = DD9C8CAF2E867DD6004C5CCF /* Alamofire */; };
		DD9C8CB32E867DEE004C5CCF /* SDWebImage in Frameworks */ = {isa = PBXBuildFile; productRef = DD9C8CB22E867DEE004C5CCF /* SDWebImage */; };
		DD9C8CB62E867E06004C5CCF /* Apollo in Frameworks */ = {isa = PBXBuildFile; productRef = DD9C8CB52E867E06004C5CCF /* Apollo */; };
		DD9C8CB82E868703004C5CCF /* SceneDelegate.swift in Sources */ = {isa = PBXBuildFile; fileRef = DD9C8CB72E868702004C5CCF /* SceneDelegate.swift */; };
		DD9C8CBA2E869A3F004C5CCF /* schema.graphqls in Resources */ = {isa = PBXBuildFile; fileRef = DD9C8CB92E869A3F004C5CCF /* schema.graphqls */; };
/* End PBXBuildFile section */

/* Begin PBXFileReference section */
		58353BE0228C9D9D005DAF4A /* AllGitHub.swift */ = {isa = PBXFileReference; lastKnownFileType = sourcecode.swift; path = AllGitHub.swift; sourceTree = "<group>"; };
		58353BE2228C9DCE005DAF4A /* UsersGitHub.swift */ = {isa = PBXFileReference; lastKnownFileType = sourcecode.swift; path = UsersGitHub.swift; sourceTree = "<group>"; };
		58353BE4228C9DE1005DAF4A /* CompaniesGitHub.swift */ = {isa = PBXFileReference; lastKnownFileType = sourcecode.swift; path = CompaniesGitHub.swift; sourceTree = "<group>"; };
		58632F60227CF18F00FB8CE9 /* GitScope.app */ = {isa = PBXFileReference; explicitFileType = wrapper.application; includeInIndex = 0; path = GitScope.app; sourceTree = BUILT_PRODUCTS_DIR; };
		58632F63227CF18F00FB8CE9 /* AppDelegate.swift */ = {isa = PBXFileReference; lastKnownFileType = sourcecode.swift; path = AppDelegate.swift; sourceTree = "<group>"; };
		58632F65227CF18F00FB8CE9 /* GitCardsTableViewController.swift */ = {isa = PBXFileReference; lastKnownFileType = sourcecode.swift; path = GitCardsTableViewController.swift; sourceTree = "<group>"; };
		58632F6A227CF19300FB8CE9 /* Assets.xcassets */ = {isa = PBXFileReference; lastKnownFileType = folder.assetcatalog; path = Assets.xcassets; sourceTree = "<group>"; };
		58632F6D227CF19300FB8CE9 /* Base */ = {isa = PBXFileReference; lastKnownFileType = file.storyboard; name = Base; path = Base.lproj/LaunchScreen.storyboard; sourceTree = "<group>"; };
		58632F6F227CF19300FB8CE9 /* Info.plist */ = {isa = PBXFileReference; lastKnownFileType = text.plist.xml; path = Info.plist; sourceTree = "<group>"; };
		58632F7D227DC7A700FB8CE9 /* Constants.swift */ = {isa = PBXFileReference; lastKnownFileType = sourcecode.swift; path = Constants.swift; sourceTree = "<group>"; };
		58632F7F227DC87E00FB8CE9 /* MyDataBase.swift */ = {isa = PBXFileReference; lastKnownFileType = sourcecode.swift; path = MyDataBase.swift; sourceTree = "<group>"; };
		586EFA5E228CE4FA003EB678 /* usersQuery.graphql */ = {isa = PBXFileReference; lastKnownFileType = text; path = usersQuery.graphql; sourceTree = "<group>"; };
		58BFAE822284CE3C003EF31F /* GitCardsTableViewCell.swift */ = {isa = PBXFileReference; lastKnownFileType = sourcecode.swift; path = GitCardsTableViewCell.swift; sourceTree = "<group>"; };
		DD9C8CB72E868702004C5CCF /* SceneDelegate.swift */ = {isa = PBXFileReference; lastKnownFileType = sourcecode.swift; path = SceneDelegate.swift; sourceTree = "<group>"; };
		DD9C8CB92E869A3F004C5CCF /* schema.graphqls */ = {isa = PBXFileReference; lastKnownFileType = text; path = schema.graphqls; sourceTree = "<group>"; };
/* End PBXFileReference section */

/* Begin PBXFrameworksBuildPhase section */
		58632F5D227CF18F00FB8CE9 /* Frameworks */ = {
			isa = PBXFrameworksBuildPhase;
			buildActionMask = 2147483647;
			files = (
				DD9C8CB32E867DEE004C5CCF /* SDWebImage in Frameworks */,
				DD9C8CB62E867E06004C5CCF /* Apollo in Frameworks */,
				DD9C8CB02E867DD6004C5CCF /* Alamofire in Frameworks */,
			);
			runOnlyForDeploymentPostprocessing = 0;
		};
/* End PBXFrameworksBuildPhase section */

/* Begin PBXGroup section */
		58632F57227CF18E00FB8CE9 = {
			isa = PBXGroup;
			children = (
				58632F62227CF18F00FB8CE9 /* GitScope */,
				58632F61227CF18F00FB8CE9 /* Products */,
			);
			sourceTree = "<group>";
		};
		58632F61227CF18F00FB8CE9 /* Products */ = {
			isa = PBXGroup;
			children = (
				58632F60227CF18F00FB8CE9 /* GitScope.app */,
			);
			name = Products;
			sourceTree = "<group>";
		};
		58632F62227CF18F00FB8CE9 /* GitScope */ = {
			isa = PBXGroup;
			children = (
				58BFAE7D2284C91D003EF31F /* UILayer */,
				58BFAE802284C9FE003EF31F /* Communicator */,
				58BFAE7F2284C9B1003EF31F /* DataModel */,
				58BFAE7E2284C936003EF31F /* Support Files */,
			);
			path = GitScope;
			sourceTree = "<group>";
		};
		58BFAE7D2284C91D003EF31F /* UILayer */ = {
			isa = PBXGroup;
			children = (
				58BFAE822284CE3C003EF31F /* GitCardsTableViewCell.swift */,
				58632F65227CF18F00FB8CE9 /* GitCardsTableViewController.swift */,
				58BFAE812284CCAB003EF31F /* Storyboards */,
			);
			path = UILayer;
			sourceTree = "<group>";
		};
		58BFAE7E2284C936003EF31F /* Support Files */ = {
			isa = PBXGroup;
			children = (
				DD9C8CB72E868702004C5CCF /* SceneDelegate.swift */,
				58632F63227CF18F00FB8CE9 /* AppDelegate.swift */,
				58632F6A227CF19300FB8CE9 /* Assets.xcassets */,
				58632F6F227CF19300FB8CE9 /* Info.plist */,
			);
			path = "Support Files";
			sourceTree = "<group>";
		};
		58BFAE7F2284C9B1003EF31F /* DataModel */ = {
			isa = PBXGroup;
			children = (
				586EFA5E228CE4FA003EB678 /* usersQuery.graphql */,
				DD9C8CB92E869A3F004C5CCF /* schema.graphqls */,
				58632F7D227DC7A700FB8CE9 /* Constants.swift */,
			);
			path = DataModel;
			sourceTree = "<group>";
		};
		58BFAE802284C9FE003EF31F /* Communicator */ = {
			isa = PBXGroup;
			children = (
				58632F7F227DC87E00FB8CE9 /* MyDataBase.swift */,
				58353BE0228C9D9D005DAF4A /* AllGitHub.swift */,
				58353BE2228C9DCE005DAF4A /* UsersGitHub.swift */,
				58353BE4228C9DE1005DAF4A /* CompaniesGitHub.swift */,
			);
			path = Communicator;
			sourceTree = "<group>";
		};
		58BFAE812284CCAB003EF31F /* Storyboards */ = {
			isa = PBXGroup;
			children = (
				58632F6C227CF19300FB8CE9 /* LaunchScreen.storyboard */,
			);
			path = Storyboards;
			sourceTree = "<group>";
		};
/* End PBXGroup section */

/* Begin PBXNativeTarget section */
		58632F5F227CF18F00FB8CE9 /* GitScope */ = {
			isa = PBXNativeTarget;
			buildConfigurationList = 58632F72227CF19300FB8CE9 /* Build configuration list for PBXNativeTarget "GitScope" */;
			buildPhases = (
				58632F5C227CF18F00FB8CE9 /* Sources */,
				58632F5D227CF18F00FB8CE9 /* Frameworks */,
				58632F5E227CF18F00FB8CE9 /* Resources */,
			);
			buildRules = (
			);
			dependencies = (
			);
			name = GitScope;
			productName = GitScope;
			productReference = 58632F60227CF18F00FB8CE9 /* GitScope.app */;
			productType = "com.apple.product-type.application";
		};
/* End PBXNativeTarget section */

/* Begin PBXProject section */
		58632F58227CF18E00FB8CE9 /* Project object */ = {
			isa = PBXProject;
			attributes = {
				LastSwiftUpdateCheck = 1010;
				LastUpgradeCheck = 1010;
				ORGANIZATIONNAME = vit;
				TargetAttributes = {
					58632F5F227CF18F00FB8CE9 = {
						CreatedOnToolsVersion = 10.1;
					};
				};
			};
			buildConfigurationList = 58632F5B227CF18E00FB8CE9 /* Build configuration list for PBXProject "GitScope" */;
			compatibilityVersion = "Xcode 9.3";
			developmentRegion = en;
			hasScannedForEncodings = 0;
			knownRegions = (
				en,
				Base,
			);
			mainGroup = 58632F57227CF18E00FB8CE9;
			packageReferences = (
				DD9C8CAE2E867DD6004C5CCF /* XCRemoteSwiftPackageReference "Alamofire" */,
				DD9C8CB12E867DEE004C5CCF /* XCRemoteSwiftPackageReference "SDWebImage" */,
				DD9C8CB42E867E06004C5CCF /* XCRemoteSwiftPackageReference "apollo-ios" */,
			);
			productRefGroup = 58632F61227CF18F00FB8CE9 /* Products */;
			projectDirPath = "";
			projectRoot = "";
			targets = (
				58632F5F227CF18F00FB8CE9 /* GitScope */,
			);
		};
/* End PBXProject section */

/* Begin PBXResourcesBuildPhase section */
		58632F5E227CF18F00FB8CE9 /* Resources */ = {
			isa = PBXResourcesBuildPhase;
			buildActionMask = 2147483647;
			files = (
				586EFA5F228CE4FA003EB678 /* usersQuery.graphql in Resources */,
				58632F6E227CF19300FB8CE9 /* LaunchScreen.storyboard in Resources */,
				DD9C8CBA2E869A3F004C5CCF /* schema.graphqls in Resources */,
				58632F6B227CF19300FB8CE9 /* Assets.xcassets in Resources */,
			);
			runOnlyForDeploymentPostprocessing = 0;
		};
/* End PBXResourcesBuildPhase section */

/* Begin PBXSourcesBuildPhase section */
		58632F5C227CF18F00FB8CE9 /* Sources */ = {
			isa = PBXSourcesBuildPhase;
			buildActionMask = 2147483647;
			files = (
				58BFAE832284CE3C003EF31F /* GitCardsTableViewCell.swift in Sources */,
				58353BE3228C9DCE005DAF4A /* UsersGitHub.swift in Sources */,
				58632F66227CF18F00FB8CE9 /* GitCardsTableViewController.swift in Sources */,
				DD9C8CB82E868703004C5CCF /* SceneDelegate.swift in Sources */,
				58632F64227CF18F00FB8CE9 /* AppDelegate.swift in Sources */,
				58353BE5228C9DE1005DAF4A /* CompaniesGitHub.swift in Sources */,
				58353BE1228C9D9D005DAF4A /* AllGitHub.swift in Sources */,
				58632F7E227DC7A700FB8CE9 /* Constants.swift in Sources */,
				58632F80227DC87E00FB8CE9 /* MyDataBase.swift in Sources */,
			);
			runOnlyForDeploymentPostprocessing = 0;
		};
/* End PBXSourcesBuildPhase section */

/* Begin PBXVariantGroup section */
		58632F6C227CF19300FB8CE9 /* LaunchScreen.storyboard */ = {
			isa = PBXVariantGroup;
			children = (
				58632F6D227CF19300FB8CE9 /* Base */,
			);
			name = LaunchScreen.storyboard;
			sourceTree = "<group>";
		};
/* End PBXVariantGroup section */

/* Begin XCBuildConfiguration section */
		58632F70227CF19300FB8CE9 /* Debug */ = {
			isa = XCBuildConfiguration;
			buildSettings = {
				ALWAYS_SEARCH_USER_PATHS = NO;
				CLANG_ANALYZER_NONNULL = YES;
				CLANG_ANALYZER_NUMBER_OBJECT_CONVERSION = YES_AGGRESSIVE;
				CLANG_CXX_LANGUAGE_STANDARD = "gnu++14";
				CLANG_CXX_LIBRARY = "libc++";
				CLANG_ENABLE_MODULES = YES;
				CLANG_ENABLE_OBJC_ARC = YES;
				CLANG_ENABLE_OBJC_WEAK = YES;
				CLANG_WARN_BLOCK_CAPTURE_AUTORELEASING = YES;
				CLANG_WARN_BOOL_CONVERSION = YES;
				CLANG_WARN_COMMA = YES;
				CLANG_WARN_CONSTANT_CONVERSION = YES;
				CLANG_WARN_DEPRECATED_OBJC_IMPLEMENTATIONS = YES;
				CLANG_WARN_DIRECT_OBJC_ISA_USAGE = YES_ERROR;
				CLANG_WARN_DOCUMENTATION_COMMENTS = YES;
				CLANG_WARN_EMPTY_BODY = YES;
				CLANG_WARN_ENUM_CONVERSION = YES;
				CLANG_WARN_INFINITE_RECURSION = YES;
				CLANG_WARN_INT_CONVERSION = YES;
				CLANG_WARN_NON_LITERAL_NULL_CONVERSION = YES;
				CLANG_WARN_OBJC_IMPLICIT_RETAIN_SELF = YES;
				CLANG_WARN_OBJC_LITERAL_CONVERSION = YES;
				CLANG_WARN_OBJC_ROOT_CLASS = YES_ERROR;
				CLANG_WARN_RANGE_LOOP_ANALYSIS = YES;
				CLANG_WARN_STRICT_PROTOTYPES = YES;
				CLANG_WARN_SUSPICIOUS_MOVE = YES;
				CLANG_WARN_UNGUARDED_AVAILABILITY = YES_AGGRESSIVE;
				CLANG_WARN_UNREACHABLE_CODE = YES;
				CLANG_WARN__DUPLICATE_METHOD_MATCH = YES;
				CODE_SIGN_IDENTITY = "iPhone Developer";
				COPY_PHASE_STRIP = NO;
				DEBUG_INFORMATION_FORMAT = dwarf;
				ENABLE_STRICT_OBJC_MSGSEND = YES;
				ENABLE_TESTABILITY = YES;
				GCC_C_LANGUAGE_STANDARD = gnu11;
				GCC_DYNAMIC_NO_PIC = NO;
				GCC_NO_COMMON_BLOCKS = YES;
				GCC_OPTIMIZATION_LEVEL = 0;
				GCC_PREPROCESSOR_DEFINITIONS = (
					"DEBUG=1",
					"$(inherited)",
				);
				GCC_WARN_64_TO_32_BIT_CONVERSION = YES;
				GCC_WARN_ABOUT_RETURN_TYPE = YES_ERROR;
				GCC_WARN_UNDECLARED_SELECTOR = YES;
				GCC_WARN_UNINITIALIZED_AUTOS = YES_AGGRESSIVE;
				GCC_WARN_UNUSED_FUNCTION = YES;
				GCC_WARN_UNUSED_VARIABLE = YES;
				IPHONEOS_DEPLOYMENT_TARGET = 12.1;
				MTL_ENABLE_DEBUG_INFO = INCLUDE_SOURCE;
				MTL_FAST_MATH = YES;
				ONLY_ACTIVE_ARCH = YES;
				SDKROOT = iphoneos;
				SWIFT_ACTIVE_COMPILATION_CONDITIONS = DEBUG;
				SWIFT_OPTIMIZATION_LEVEL = "-Onone";
			};
			name = Debug;
		};
		58632F71227CF19300FB8CE9 /* Release */ = {
			isa = XCBuildConfiguration;
			buildSettings = {
				ALWAYS_SEARCH_USER_PATHS = NO;
				CLANG_ANALYZER_NONNULL = YES;
				CLANG_ANALYZER_NUMBER_OBJECT_CONVERSION = YES_AGGRESSIVE;
				CLANG_CXX_LANGUAGE_STANDARD = "gnu++14";
				CLANG_CXX_LIBRARY = "libc++";
				CLANG_ENABLE_MODULES = YES;
				CLANG_ENABLE_OBJC_ARC = YES;
				CLANG_ENABLE_OBJC_WEAK = YES;
				CLANG_WARN_BLOCK_CAPTURE_AUTORELEASING = YES;
				CLANG_WARN_BOOL_CONVERSION = YES;
				CLANG_WARN_COMMA = YES;
				CLANG_WARN_CONSTANT_CONVERSION = YES;
				CLANG_WARN_DEPRECATED_OBJC_IMPLEMENTATIONS = YES;
				CLANG_WARN_DIRECT_OBJC_ISA_USAGE = YES_ERROR;
				CLANG_WARN_DOCUMENTATION_COMMENTS = YES;
				CLANG_WARN_EMPTY_BODY = YES;
				CLANG_WARN_ENUM_CONVERSION = YES;
				CLANG_WARN_INFINITE_RECURSION = YES;
				CLANG_WARN_INT_CONVERSION = YES;
				CLANG_WARN_NON_LITERAL_NULL_CONVERSION = YES;
				CLANG_WARN_OBJC_IMPLICIT_RETAIN_SELF = YES;
				CLANG_WARN_OBJC_LITERAL_CONVERSION = YES;
				CLANG_WARN_OBJC_ROOT_CLASS = YES_ERROR;
				CLANG_WARN_RANGE_LOOP_ANALYSIS = YES;
				CLANG_WARN_STRICT_PROTOTYPES = YES;
				CLANG_WARN_SUSPICIOUS_MOVE = YES;
				CLANG_WARN_UNGUARDED_AVAILABILITY = YES_AGGRESSIVE;
				CLANG_WARN_UNREACHABLE_CODE = YES;
				CLANG_WARN__DUPLICATE_METHOD_MATCH = YES;
				CODE_SIGN_IDENTITY = "iPhone Developer";
				COPY_PHASE_STRIP = NO;
				DEBUG_INFORMATION_FORMAT = "dwarf-with-dsym";
				ENABLE_NS_ASSERTIONS = NO;
				ENABLE_STRICT_OBJC_MSGSEND = YES;
				GCC_C_LANGUAGE_STANDARD = gnu11;
				GCC_NO_COMMON_BLOCKS = YES;
				GCC_WARN_64_TO_32_BIT_CONVERSION = YES;
				GCC_WARN_ABOUT_RETURN_TYPE = YES_ERROR;
				GCC_WARN_UNDECLARED_SELECTOR = YES;
				GCC_WARN_UNINITIALIZED_AUTOS = YES_AGGRESSIVE;
				GCC_WARN_UNUSED_FUNCTION = YES;
				GCC_WARN_UNUSED_VARIABLE = YES;
				IPHONEOS_DEPLOYMENT_TARGET = 12.1;
				MTL_ENABLE_DEBUG_INFO = NO;
				MTL_FAST_MATH = YES;
				SDKROOT = iphoneos;
				SWIFT_COMPILATION_MODE = wholemodule;
				SWIFT_OPTIMIZATION_LEVEL = "-O";
				VALIDATE_PRODUCT = YES;
			};
			name = Release;
		};
		58632F73227CF19300FB8CE9 /* Debug */ = {
			isa = XCBuildConfiguration;
			buildSettings = {
				ASSETCATALOG_COMPILER_APPICON_NAME = AppIcon;
				CODE_SIGN_STYLE = Automatic;
				DEVELOPMENT_TEAM = 45JNFF5WM9;
				INFOPLIST_FILE = "$(SRCROOT)/GitScope/Support Files/Info.plist";
				IPHONEOS_DEPLOYMENT_TARGET = 26.0;
				LD_RUNPATH_SEARCH_PATHS = (
					"$(inherited)",
					"@executable_path/Frameworks",
				);
				PRODUCT_BUNDLE_IDENTIFIER = vit.team.GitScope;
				PRODUCT_NAME = "$(TARGET_NAME)";
				SWIFT_VERSION = 4.2;
				TARGETED_DEVICE_FAMILY = "1,2";
			};
			name = Debug;
		};
		58632F74227CF19300FB8CE9 /* Release */ = {
			isa = XCBuildConfiguration;
			buildSettings = {
				ASSETCATALOG_COMPILER_APPICON_NAME = AppIcon;
				CODE_SIGN_STYLE = Automatic;
				DEVELOPMENT_TEAM = 45JNFF5WM9;
				INFOPLIST_FILE = "$(SRCROOT)/GitScope/Support Files/Info.plist";
				IPHONEOS_DEPLOYMENT_TARGET = 26.0;
				LD_RUNPATH_SEARCH_PATHS = (
					"$(inherited)",
					"@executable_path/Frameworks",
				);
				PRODUCT_BUNDLE_IDENTIFIER = vit.team.GitScope;
				PRODUCT_NAME = "$(TARGET_NAME)";
				SWIFT_VERSION = 4.2;
				TARGETED_DEVICE_FAMILY = "1,2";
			};
			name = Release;
		};
/* End XCBuildConfiguration section */

/* Begin XCConfigurationList section */
		58632F5B227CF18E00FB8CE9 /* Build configuration list for PBXProject "GitScope" */ = {
			isa = XCConfigurationList;
			buildConfigurations = (
				58632F70227CF19300FB8CE9 /* Debug */,
				58632F71227CF19300FB8CE9 /* Release */,
			);
			defaultConfigurationIsVisible = 0;
			defaultConfigurationName = Release;
		};
		58632F72227CF19300FB8CE9 /* Build configuration list for PBXNativeTarget "GitScope" */ = {
			isa = XCConfigurationList;
			buildConfigurations = (
				58632F73227CF19300FB8CE9 /* Debug */,
				58632F74227CF19300FB8CE9 /* Release */,
			);
			defaultConfigurationIsVisible = 0;
			defaultConfigurationName = Release;
		};
/* End XCConfigurationList section */

/* Begin XCRemoteSwiftPackageReference section */
		DD9C8CAE2E867DD6004C5CCF /* XCRemoteSwiftPackageReference "Alamofire" */ = {
			isa = XCRemoteSwiftPackageReference;
			repositoryURL = "https://github.com/Alamofire/Alamofire.git";
			requirement = {
				kind = upToNextMajorVersion;
				minimumVersion = 5.10.2;
			};
		};
		DD9C8CB12E867DEE004C5CCF /* XCRemoteSwiftPackageReference "SDWebImage" */ = {
			isa = XCRemoteSwiftPackageReference;
			repositoryURL = "https://github.com/SDWebImage/SDWebImage.git";
			requirement = {
				kind = upToNextMajorVersion;
				minimumVersion = 5.21.2;
			};
		};
		DD9C8CB42E867E06004C5CCF /* XCRemoteSwiftPackageReference "apollo-ios" */ = {
			isa = XCRemoteSwiftPackageReference;
			repositoryURL = "https://github.com/apollographql/apollo-ios.git";
			requirement = {
				kind = upToNextMajorVersion;
				minimumVersion = 1.23.0;
			};
		};
/* End XCRemoteSwiftPackageReference section */

/* Begin XCSwiftPackageProductDependency section */
		DD9C8CAF2E867DD6004C5CCF /* Alamofire */ = {
			isa = XCSwiftPackageProductDependency;
			package = DD9C8CAE2E867DD6004C5CCF /* XCRemoteSwiftPackageReference "Alamofire" */;
			productName = Alamofire;
		};
		DD9C8CB22E867DEE004C5CCF /* SDWebImage */ = {
			isa = XCSwiftPackageProductDependency;
			package = DD9C8CB12E867DEE004C5CCF /* XCRemoteSwiftPackageReference "SDWebImage" */;
			productName = SDWebImage;
		};
		DD9C8CB52E867E06004C5CCF /* Apollo */ = {
			isa = XCSwiftPackageProductDependency;
			package = DD9C8CB42E867E06004C5CCF /* XCRemoteSwiftPackageReference "apollo-ios" */;
			productName = Apollo;
		};
/* End XCSwiftPackageProductDependency section */
	};
	rootObject = 58632F58227CF18E00FB8CE9 /* Project object */;
}
